# This file is automatically @generated by Cargo.
# It is not intended for manual editing.
version = 4

[[package]]
name = "bacarrat"
version = "0.1.0"
dependencies = [
 "card",
]

[[package]]
name = "bazaar"
version = "0.1.0"
dependencies = [
 "bacarrat",
 "card",
]

[[package]]
name = "card"
version = "0.1.0"

[[package]]
name = "house"
version = "0.1.0"
dependencies = [
 "bacarrat",
 "card",
]
